
Microsoft Visual Studio Solution File, Format Version 12.00
# Visual Studio Version 17
VisualStudioVersion = 17.0.32112.339
MinimumVisualStudioVersion = 10.0.40219.1
Project("{2150E333-8FDC-42A3-9474-1A3956D46DE8}") = "Solution Items", "Solution Items", "{5608AEB6-E907-4686-94D4-9F0310CFFD1E}"
	ProjectSection(SolutionItems) = preProject
		..\..\..\.editorconfig = ..\..\..\.editorconfig
		..\..\..\.gitignore = ..\..\..\.gitignore
		..\..\..\global.json = ..\..\..\global.json
		..\..\..\LICENSE.rtf = ..\..\..\LICENSE.rtf
		..\..\..\README.md = ..\..\..\README.md
	EndProjectSection
EndProject
Project("{9A19103F-16F7-4668-BE54-9A1E7A4F7556}") = "DataTier", "DataTier\DataTier.csproj", "{D35B5CD3-A2E5-45A8-BDE6-026195088D88}"
EndProject
Project("{9A19103F-16F7-4668-BE54-9A1E7A4F7556}") = "Repository", "Repository\Repository.csproj", "{ECA60AE6-2E4A-43A9-B9CF-C32AB356F084}"
EndProject
Project("{9A19103F-16F7-4668-BE54-9A1E7A4F7556}") = "LogicTier", "LogicTier\LogicTier.csproj", "{3DA9B325-A4C0-4848-9061-F452CF87F76B}"
EndProject
Project("{54435603-DBB4-11D2-8724-00A0C9A8B90C}") = "SdDbAccess64", "SdDbAccess64\SdDbAccess64.vdproj", "{AF2794DD-6119-49CB-BCCB-586CD6486D42}"
EndProject
Project("{9A19103F-16F7-4668-BE54-9A1E7A4F7556}") = "SdDbAccess", "SdDbAccess\SdDbAccess.csproj", "{3758F893-24F2-47F8-BA4E-19575BB63E4A}"
EndProject
Global
	GlobalSection(SolutionConfigurationPlatforms) = preSolution
		Debug|win10-x64 = Debug|win10-x64
		Release|win10-x64 = Release|win10-x64
	EndGlobalSection
	GlobalSection(ProjectConfigurationPlatforms) = postSolution
		{D35B5CD3-A2E5-45A8-BDE6-026195088D88}.Debug|win10-x64.ActiveCfg = Debug|win10-x64
		{D35B5CD3-A2E5-45A8-BDE6-026195088D88}.Debug|win10-x64.Build.0 = Debug|win10-x64
		{D35B5CD3-A2E5-45A8-BDE6-026195088D88}.Release|win10-x64.ActiveCfg = Release|win10-x64
		{D35B5CD3-A2E5-45A8-BDE6-026195088D88}.Release|win10-x64.Build.0 = Release|win10-x64
		{ECA60AE6-2E4A-43A9-B9CF-C32AB356F084}.Debug|win10-x64.ActiveCfg = Debug|win10-x64
		{ECA60AE6-2E4A-43A9-B9CF-C32AB356F084}.Debug|win10-x64.Build.0 = Debug|win10-x64
		{ECA60AE6-2E4A-43A9-B9CF-C32AB356F084}.Release|win10-x64.ActiveCfg = Release|win10-x64
		{ECA60AE6-2E4A-43A9-B9CF-C32AB356F084}.Release|win10-x64.Build.0 = Release|win10-x64
		{3DA9B325-A4C0-4848-9061-F452CF87F76B}.Debug|win10-x64.ActiveCfg = Debug|win10-x64
		{3DA9B325-A4C0-4848-9061-F452CF87F76B}.Debug|win10-x64.Build.0 = Debug|win10-x64
		{3DA9B325-A4C0-4848-9061-F452CF87F76B}.Release|win10-x64.ActiveCfg = Release|win10-x64
		{3DA9B325-A4C0-4848-9061-F452CF87F76B}.Release|win10-x64.Build.0 = Release|win10-x64
		{AF2794DD-6119-49CB-BCCB-586CD6486D42}.Debug|win10-x64.ActiveCfg = Debug
		{AF2794DD-6119-49CB-BCCB-586CD6486D42}.Release|win10-x64.ActiveCfg = Release
		{3758F893-24F2-47F8-BA4E-19575BB63E4A}.Debug|win10-x64.ActiveCfg = Debug|x64
		{3758F893-24F2-47F8-BA4E-19575BB63E4A}.Debug|win10-x64.Build.0 = Debug|x64
		{3758F893-24F2-47F8-BA4E-19575BB63E4A}.Release|win10-x64.ActiveCfg = Release|x64
		{3758F893-24F2-47F8-BA4E-19575BB63E4A}.Release|win10-x64.Build.0 = Release|x64
		{3758F893-24F2-47F8-BA4E-19575BB63E4A}.Release|win10-x64.Deploy.0 = Release|x64
	EndGlobalSection
	GlobalSection(SolutionProperties) = preSolution
		HideSolutionNode = FALSE
	EndGlobalSection
	GlobalSection(ExtensibilityGlobals) = postSolution
		SolutionGuid = {CD5BE984-492D-4EA7-B22B-CBCE3AB634C1}
	EndGlobalSection
EndGlobal
